
Microsoft Visual Studio Solution File, Format Version 11.00
# Visual Studio 2010
Project("{FAE04EC0-301F-11D3-BF4B-00C04F79EFBC}") = "FinanzasGUI", "Finanzas_GUI\FinanzasGUI.csproj", "{5183EA21-9BA7-455F-8E8F-910E62B2FCDE}"
EndProject
Project("{FAE04EC0-301F-11D3-BF4B-00C04F79EFBC}") = "AccesoServicio", "AccesoServicio\AccesoServicio.csproj", "{CE15780C-DD38-41BD-8DCC-8139520B1613}"
EndProject
Global
	GlobalSection(SolutionConfigurationPlatforms) = preSolution
		Debug|Any CPU = Debug|Any CPU
		Debug|Mixed Platforms = Debug|Mixed Platforms
		Debug|x86 = Debug|x86
		Release|Any CPU = Release|Any CPU
		Release|Mixed Platforms = Release|Mixed Platforms
		Release|x86 = Release|x86
	EndGlobalSection
	GlobalSection(ProjectConfigurationPlatforms) = postSolution
		{5183EA21-9BA7-455F-8E8F-910E62B2FCDE}.Debug|Any CPU.ActiveCfg = Debug|x86
		{5183EA21-9BA7-455F-8E8F-910E62B2FCDE}.Debug|Mixed Platforms.ActiveCfg = Debug|x86
		{5183EA21-9BA7-455F-8E8F-910E62B2FCDE}.Debug|Mixed Platforms.Build.0 = Debug|x86
		{5183EA21-9BA7-455F-8E8F-910E62B2FCDE}.Debug|x86.ActiveCfg = Debug|x86
		{5183EA21-9BA7-455F-8E8F-910E62B2FCDE}.Debug|x86.Build.0 = Debug|x86
		{5183EA21-9BA7-455F-8E8F-910E62B2FCDE}.Release|Any CPU.ActiveCfg = Release|x86
		{5183EA21-9BA7-455F-8E8F-910E62B2FCDE}.Release|Mixed Platforms.ActiveCfg = Release|x86
		{5183EA21-9BA7-455F-8E8F-910E62B2FCDE}.Release|Mixed Platforms.Build.0 = Release|x86
		{5183EA21-9BA7-455F-8E8F-910E62B2FCDE}.Release|x86.ActiveCfg = Release|x86
		{5183EA21-9BA7-455F-8E8F-910E62B2FCDE}.Release|x86.Build.0 = Release|x86
		{CE15780C-DD38-41BD-8DCC-8139520B1613}.Debug|Any CPU.ActiveCfg = Debug|Any CPU
		{CE15780C-DD38-41BD-8DCC-8139520B1613}.Debug|Any CPU.Build.0 = Debug|Any CPU
		{CE15780C-DD38-41BD-8DCC-8139520B1613}.Debug|Mixed Platforms.ActiveCfg = Debug|Any CPU
		{CE15780C-DD38-41BD-8DCC-8139520B1613}.Debug|Mixed Platforms.Build.0 = Debug|Any CPU
		{CE15780C-DD38-41BD-8DCC-8139520B1613}.Debug|x86.ActiveCfg = Debug|Any CPU
		{CE15780C-DD38-41BD-8DCC-8139520B1613}.Release|Any CPU.ActiveCfg = Release|Any CPU
		{CE15780C-DD38-41BD-8DCC-8139520B1613}.Release|Any CPU.Build.0 = Release|Any CPU
		{CE15780C-DD38-41BD-8DCC-8139520B1613}.Release|Mixed Platforms.ActiveCfg = Release|Any CPU
		{CE15780C-DD38-41BD-8DCC-8139520B1613}.Release|Mixed Platforms.Build.0 = Release|Any CPU
		{CE15780C-DD38-41BD-8DCC-8139520B1613}.Release|x86.ActiveCfg = Release|Any CPU
	EndGlobalSection
	GlobalSection(SolutionProperties) = preSolution
		HideSolutionNode = FALSE
	EndGlobalSection
EndGlobal
