
Microsoft Visual Studio Solution File, Format Version 11.00
# Visual Studio 2010
Project("{FAE04EC0-301F-11D3-BF4B-00C04F79EFBC}") = "DataAccess", "DataAccess\DataAccess.csproj", "{F5FB8F63-CD96-41F6-98E9-4FBDDD6EE65D}"
EndProject
Project("{FAE04EC0-301F-11D3-BF4B-00C04F79EFBC}") = "ExceptionLog", "ExceptionLog\ExceptionLog.csproj", "{A29707C3-89B6-42EE-9CDB-19712D3AA490}"
EndProject
Project("{FAE04EC0-301F-11D3-BF4B-00C04F79EFBC}") = "ContabilidadWebService", "WebService\ContabilidadWebService.csproj", "{C39A0FDB-F198-4F3E-AC7E-C91596C3DB9C}"
EndProject
Project("{FAE04EC0-301F-11D3-BF4B-00C04F79EFBC}") = "TipoCambio", "TipoCambio\TipoCambio.csproj", "{1E890B42-E86B-430C-AE87-37393D19FA84}"
EndProject
Project("{FAE04EC0-301F-11D3-BF4B-00C04F79EFBC}") = "Pruebas", "Pruebas\Pruebas.csproj", "{C9B963DA-D6B3-4FF5-8976-EB8EB9F7758B}"
EndProject
Project("{FAE04EC0-301F-11D3-BF4B-00C04F79EFBC}") = "Logica", "Logica\Logica.csproj", "{A22FDDB0-5B24-4EA4-A3BD-5AD99C2A421B}"
EndProject
Project("{C8D11400-126E-41CD-887F-60BD40844F9E}") = "LCO_Finanzas", "Bases de Datos\ERP_Finanzas\LCO_Finanzas.dbproj", "{67CBC824-A49E-4E9B-A947-360F3DFE65C3}"
EndProject
Project("{C8D11400-126E-41CD-887F-60BD40844F9E}") = "ERP_Principal", "Bases de Datos\ERP_Principal\ERP_Principal.dbproj", "{0AF37760-5B4C-48CC-B493-2200C99DDF01}"
EndProject
Project("{FAE04EC0-301F-11D3-BF4B-00C04F79EFBC}") = "DataAccessPrincipal", "DataAccessPrincipal\DataAccessPrincipal.csproj", "{A305EAC6-F86D-45F7-B8EE-57ADABE233B5}"
EndProject
Project("{FAE04EC0-301F-11D3-BF4B-00C04F79EFBC}") = "Libreria", "..\DataContracts\Libreria\Libreria.csproj", "{FB259A9F-E35D-42AA-8453-85D3CAA52F63}"
EndProject
Project("{FAE04EC0-301F-11D3-BF4B-00C04F79EFBC}") = "LibreriaContabilidad", "..\DataContracts\LibreriaContabilidad\LibreriaContabilidad.csproj", "{3866ED45-52D0-4612-B0B6-22F2FBF5E49F}"
EndProject
Project("{FAE04EC0-301F-11D3-BF4B-00C04F79EFBC}") = "DataAccessFinanzas", "DataAccessFinanzas\DataAccessFinanzas.csproj", "{1EC41442-53D9-44E6-8402-9AFF50D32AE0}"
EndProject
Project("{FAE04EC0-301F-11D3-BF4B-00C04F79EFBC}") = "DataAccessVentasCompras", "DataAccessVentasCompras\DataAccessVentasCompras.csproj", "{A61DBBB0-7578-41F4-A78F-CCB29FFDFD91}"
EndProject
Project("{C8D11400-126E-41CD-887F-60BD40844F9E}") = "ERP_Ventas", "..\Bases de Datos\ERP_Ventas\ERP_Ventas\ERP_Ventas.dbproj", "{9BD6B56D-9F10-443F-9F71-A1CEE1D3262C}"
EndProject
Project("{FAE04EC0-301F-11D3-BF4B-00C04F79EFBC}") = "LibreriaVentaCompra", "LibreriaVentaCompra\LibreriaVentaCompra.csproj", "{6FC10D9A-2787-449B-AE57-DE9ECA74FA87}"
EndProject
Project("{FAE04EC0-301F-11D3-BF4B-00C04F79EFBC}") = "DataAccessInventario", "DataAccessInventario\DataAccessInventario.csproj", "{7EC4492E-BCC9-4859-93DB-99CFF8FCED89}"
EndProject
Project("{FAE04EC0-301F-11D3-BF4B-00C04F79EFBC}") = "ERPAppWebService", "ERPAppWebService\ERPAppWebService.csproj", "{EF11680F-565C-433C-8D6E-7220BCF1F2D5}"
EndProject
Global
	GlobalSection(SolutionConfigurationPlatforms) = preSolution
		Debug|Any CPU = Debug|Any CPU
		Debug|Mixed Platforms = Debug|Mixed Platforms
		Debug|x86 = Debug|x86
		Release|Any CPU = Release|Any CPU
		Release|Mixed Platforms = Release|Mixed Platforms
		Release|x86 = Release|x86
	EndGlobalSection
	GlobalSection(ProjectConfigurationPlatforms) = postSolution
		{F5FB8F63-CD96-41F6-98E9-4FBDDD6EE65D}.Debug|Any CPU.ActiveCfg = Debug|Any CPU
		{F5FB8F63-CD96-41F6-98E9-4FBDDD6EE65D}.Debug|Any CPU.Build.0 = Debug|Any CPU
		{F5FB8F63-CD96-41F6-98E9-4FBDDD6EE65D}.Debug|Mixed Platforms.ActiveCfg = Debug|Any CPU
		{F5FB8F63-CD96-41F6-98E9-4FBDDD6EE65D}.Debug|Mixed Platforms.Build.0 = Debug|Any CPU
		{F5FB8F63-CD96-41F6-98E9-4FBDDD6EE65D}.Debug|x86.ActiveCfg = Debug|Any CPU
		{F5FB8F63-CD96-41F6-98E9-4FBDDD6EE65D}.Release|Any CPU.ActiveCfg = Release|Any CPU
		{F5FB8F63-CD96-41F6-98E9-4FBDDD6EE65D}.Release|Any CPU.Build.0 = Release|Any CPU
		{F5FB8F63-CD96-41F6-98E9-4FBDDD6EE65D}.Release|Mixed Platforms.ActiveCfg = Release|Any CPU
		{F5FB8F63-CD96-41F6-98E9-4FBDDD6EE65D}.Release|Mixed Platforms.Build.0 = Release|Any CPU
		{F5FB8F63-CD96-41F6-98E9-4FBDDD6EE65D}.Release|x86.ActiveCfg = Release|Any CPU
		{A29707C3-89B6-42EE-9CDB-19712D3AA490}.Debug|Any CPU.ActiveCfg = Debug|Any CPU
		{A29707C3-89B6-42EE-9CDB-19712D3AA490}.Debug|Any CPU.Build.0 = Debug|Any CPU
		{A29707C3-89B6-42EE-9CDB-19712D3AA490}.Debug|Mixed Platforms.ActiveCfg = Debug|Any CPU
		{A29707C3-89B6-42EE-9CDB-19712D3AA490}.Debug|Mixed Platforms.Build.0 = Debug|Any CPU
		{A29707C3-89B6-42EE-9CDB-19712D3AA490}.Debug|Mixed Platforms.Deploy.0 = Debug|Any CPU
		{A29707C3-89B6-42EE-9CDB-19712D3AA490}.Debug|x86.ActiveCfg = Debug|Any CPU
		{A29707C3-89B6-42EE-9CDB-19712D3AA490}.Release|Any CPU.ActiveCfg = Release|Any CPU
		{A29707C3-89B6-42EE-9CDB-19712D3AA490}.Release|Any CPU.Build.0 = Release|Any CPU
		{A29707C3-89B6-42EE-9CDB-19712D3AA490}.Release|Mixed Platforms.ActiveCfg = Release|Any CPU
		{A29707C3-89B6-42EE-9CDB-19712D3AA490}.Release|Mixed Platforms.Build.0 = Release|Any CPU
		{A29707C3-89B6-42EE-9CDB-19712D3AA490}.Release|x86.ActiveCfg = Release|Any CPU
		{C39A0FDB-F198-4F3E-AC7E-C91596C3DB9C}.Debug|Any CPU.ActiveCfg = Debug|Any CPU
		{C39A0FDB-F198-4F3E-AC7E-C91596C3DB9C}.Debug|Any CPU.Build.0 = Debug|Any CPU
		{C39A0FDB-F198-4F3E-AC7E-C91596C3DB9C}.Debug|Mixed Platforms.ActiveCfg = Debug|Any CPU
		{C39A0FDB-F198-4F3E-AC7E-C91596C3DB9C}.Debug|Mixed Platforms.Build.0 = Debug|Any CPU
		{C39A0FDB-F198-4F3E-AC7E-C91596C3DB9C}.Debug|x86.ActiveCfg = Debug|Any CPU
		{C39A0FDB-F198-4F3E-AC7E-C91596C3DB9C}.Release|Any CPU.ActiveCfg = Release|Any CPU
		{C39A0FDB-F198-4F3E-AC7E-C91596C3DB9C}.Release|Any CPU.Build.0 = Release|Any CPU
		{C39A0FDB-F198-4F3E-AC7E-C91596C3DB9C}.Release|Mixed Platforms.ActiveCfg = Release|Any CPU
		{C39A0FDB-F198-4F3E-AC7E-C91596C3DB9C}.Release|Mixed Platforms.Build.0 = Release|Any CPU
		{C39A0FDB-F198-4F3E-AC7E-C91596C3DB9C}.Release|x86.ActiveCfg = Release|Any CPU
		{1E890B42-E86B-430C-AE87-37393D19FA84}.Debug|Any CPU.ActiveCfg = Debug|Any CPU
		{1E890B42-E86B-430C-AE87-37393D19FA84}.Debug|Any CPU.Build.0 = Debug|Any CPU
		{1E890B42-E86B-430C-AE87-37393D19FA84}.Debug|Mixed Platforms.ActiveCfg = Debug|Any CPU
		{1E890B42-E86B-430C-AE87-37393D19FA84}.Debug|Mixed Platforms.Build.0 = Debug|Any CPU
		{1E890B42-E86B-430C-AE87-37393D19FA84}.Debug|x86.ActiveCfg = Debug|Any CPU
		{1E890B42-E86B-430C-AE87-37393D19FA84}.Release|Any CPU.ActiveCfg = Release|Any CPU
		{1E890B42-E86B-430C-AE87-37393D19FA84}.Release|Any CPU.Build.0 = Release|Any CPU
		{1E890B42-E86B-430C-AE87-37393D19FA84}.Release|Mixed Platforms.ActiveCfg = Release|Any CPU
		{1E890B42-E86B-430C-AE87-37393D19FA84}.Release|Mixed Platforms.Build.0 = Release|Any CPU
		{1E890B42-E86B-430C-AE87-37393D19FA84}.Release|x86.ActiveCfg = Release|Any CPU
		{C9B963DA-D6B3-4FF5-8976-EB8EB9F7758B}.Debug|Any CPU.ActiveCfg = Debug|x86
		{C9B963DA-D6B3-4FF5-8976-EB8EB9F7758B}.Debug|Mixed Platforms.ActiveCfg = Debug|Any CPU
		{C9B963DA-D6B3-4FF5-8976-EB8EB9F7758B}.Debug|Mixed Platforms.Build.0 = Debug|Any CPU
		{C9B963DA-D6B3-4FF5-8976-EB8EB9F7758B}.Debug|x86.ActiveCfg = Debug|x86
		{C9B963DA-D6B3-4FF5-8976-EB8EB9F7758B}.Debug|x86.Build.0 = Debug|x86
		{C9B963DA-D6B3-4FF5-8976-EB8EB9F7758B}.Release|Any CPU.ActiveCfg = Release|x86
		{C9B963DA-D6B3-4FF5-8976-EB8EB9F7758B}.Release|Mixed Platforms.ActiveCfg = Release|x86
		{C9B963DA-D6B3-4FF5-8976-EB8EB9F7758B}.Release|Mixed Platforms.Build.0 = Release|x86
		{C9B963DA-D6B3-4FF5-8976-EB8EB9F7758B}.Release|x86.ActiveCfg = Release|x86
		{C9B963DA-D6B3-4FF5-8976-EB8EB9F7758B}.Release|x86.Build.0 = Release|x86
		{A22FDDB0-5B24-4EA4-A3BD-5AD99C2A421B}.Debug|Any CPU.ActiveCfg = Debug|Any CPU
		{A22FDDB0-5B24-4EA4-A3BD-5AD99C2A421B}.Debug|Any CPU.Build.0 = Debug|Any CPU
		{A22FDDB0-5B24-4EA4-A3BD-5AD99C2A421B}.Debug|Mixed Platforms.ActiveCfg = Debug|Any CPU
		{A22FDDB0-5B24-4EA4-A3BD-5AD99C2A421B}.Debug|Mixed Platforms.Build.0 = Debug|Any CPU
		{A22FDDB0-5B24-4EA4-A3BD-5AD99C2A421B}.Debug|x86.ActiveCfg = Debug|Any CPU
		{A22FDDB0-5B24-4EA4-A3BD-5AD99C2A421B}.Release|Any CPU.ActiveCfg = Release|Any CPU
		{A22FDDB0-5B24-4EA4-A3BD-5AD99C2A421B}.Release|Any CPU.Build.0 = Release|Any CPU
		{A22FDDB0-5B24-4EA4-A3BD-5AD99C2A421B}.Release|Mixed Platforms.ActiveCfg = Release|Any CPU
		{A22FDDB0-5B24-4EA4-A3BD-5AD99C2A421B}.Release|Mixed Platforms.Build.0 = Release|Any CPU
		{A22FDDB0-5B24-4EA4-A3BD-5AD99C2A421B}.Release|x86.ActiveCfg = Release|Any CPU
		{67CBC824-A49E-4E9B-A947-360F3DFE65C3}.Debug|Any CPU.ActiveCfg = Debug|Any CPU
		{67CBC824-A49E-4E9B-A947-360F3DFE65C3}.Debug|Any CPU.Build.0 = Debug|Any CPU
		{67CBC824-A49E-4E9B-A947-360F3DFE65C3}.Debug|Any CPU.Deploy.0 = Debug|Any CPU
		{67CBC824-A49E-4E9B-A947-360F3DFE65C3}.Debug|Mixed Platforms.ActiveCfg = Debug|Any CPU
		{67CBC824-A49E-4E9B-A947-360F3DFE65C3}.Debug|Mixed Platforms.Build.0 = Debug|Any CPU
		{67CBC824-A49E-4E9B-A947-360F3DFE65C3}.Debug|x86.ActiveCfg = Debug|Any CPU
		{67CBC824-A49E-4E9B-A947-360F3DFE65C3}.Release|Any CPU.ActiveCfg = Release|Any CPU
		{67CBC824-A49E-4E9B-A947-360F3DFE65C3}.Release|Any CPU.Build.0 = Release|Any CPU
		{67CBC824-A49E-4E9B-A947-360F3DFE65C3}.Release|Any CPU.Deploy.0 = Release|Any CPU
		{67CBC824-A49E-4E9B-A947-360F3DFE65C3}.Release|Mixed Platforms.ActiveCfg = Release|Any CPU
		{67CBC824-A49E-4E9B-A947-360F3DFE65C3}.Release|Mixed Platforms.Build.0 = Release|Any CPU
		{67CBC824-A49E-4E9B-A947-360F3DFE65C3}.Release|Mixed Platforms.Deploy.0 = Release|Any CPU
		{67CBC824-A49E-4E9B-A947-360F3DFE65C3}.Release|x86.ActiveCfg = Release|Any CPU
		{0AF37760-5B4C-48CC-B493-2200C99DDF01}.Debug|Any CPU.ActiveCfg = Debug|Any CPU
		{0AF37760-5B4C-48CC-B493-2200C99DDF01}.Debug|Any CPU.Build.0 = Debug|Any CPU
		{0AF37760-5B4C-48CC-B493-2200C99DDF01}.Debug|Any CPU.Deploy.0 = Debug|Any CPU
		{0AF37760-5B4C-48CC-B493-2200C99DDF01}.Debug|Mixed Platforms.ActiveCfg = Debug|Any CPU
		{0AF37760-5B4C-48CC-B493-2200C99DDF01}.Debug|Mixed Platforms.Build.0 = Debug|Any CPU
		{0AF37760-5B4C-48CC-B493-2200C99DDF01}.Debug|x86.ActiveCfg = Debug|Any CPU
		{0AF37760-5B4C-48CC-B493-2200C99DDF01}.Release|Any CPU.ActiveCfg = Release|Any CPU
		{0AF37760-5B4C-48CC-B493-2200C99DDF01}.Release|Any CPU.Build.0 = Release|Any CPU
		{0AF37760-5B4C-48CC-B493-2200C99DDF01}.Release|Any CPU.Deploy.0 = Release|Any CPU
		{0AF37760-5B4C-48CC-B493-2200C99DDF01}.Release|Mixed Platforms.ActiveCfg = Release|Any CPU
		{0AF37760-5B4C-48CC-B493-2200C99DDF01}.Release|Mixed Platforms.Build.0 = Release|Any CPU
		{0AF37760-5B4C-48CC-B493-2200C99DDF01}.Release|Mixed Platforms.Deploy.0 = Release|Any CPU
		{0AF37760-5B4C-48CC-B493-2200C99DDF01}.Release|x86.ActiveCfg = Release|Any CPU
		{A305EAC6-F86D-45F7-B8EE-57ADABE233B5}.Debug|Any CPU.ActiveCfg = Debug|Any CPU
		{A305EAC6-F86D-45F7-B8EE-57ADABE233B5}.Debug|Any CPU.Build.0 = Debug|Any CPU
		{A305EAC6-F86D-45F7-B8EE-57ADABE233B5}.Debug|Mixed Platforms.ActiveCfg = Debug|Any CPU
		{A305EAC6-F86D-45F7-B8EE-57ADABE233B5}.Debug|Mixed Platforms.Build.0 = Debug|Any CPU
		{A305EAC6-F86D-45F7-B8EE-57ADABE233B5}.Debug|x86.ActiveCfg = Debug|Any CPU
		{A305EAC6-F86D-45F7-B8EE-57ADABE233B5}.Release|Any CPU.ActiveCfg = Release|Any CPU
		{A305EAC6-F86D-45F7-B8EE-57ADABE233B5}.Release|Any CPU.Build.0 = Release|Any CPU
		{A305EAC6-F86D-45F7-B8EE-57ADABE233B5}.Release|Mixed Platforms.ActiveCfg = Release|Any CPU
		{A305EAC6-F86D-45F7-B8EE-57ADABE233B5}.Release|Mixed Platforms.Build.0 = Release|Any CPU
		{A305EAC6-F86D-45F7-B8EE-57ADABE233B5}.Release|x86.ActiveCfg = Release|Any CPU
		{FB259A9F-E35D-42AA-8453-85D3CAA52F63}.Debug|Any CPU.ActiveCfg = Debug|Any CPU
		{FB259A9F-E35D-42AA-8453-85D3CAA52F63}.Debug|Any CPU.Build.0 = Debug|Any CPU
		{FB259A9F-E35D-42AA-8453-85D3CAA52F63}.Debug|Mixed Platforms.ActiveCfg = Debug|Any CPU
		{FB259A9F-E35D-42AA-8453-85D3CAA52F63}.Debug|Mixed Platforms.Build.0 = Debug|Any CPU
		{FB259A9F-E35D-42AA-8453-85D3CAA52F63}.Debug|x86.ActiveCfg = Debug|Any CPU
		{FB259A9F-E35D-42AA-8453-85D3CAA52F63}.Release|Any CPU.ActiveCfg = Release|Any CPU
		{FB259A9F-E35D-42AA-8453-85D3CAA52F63}.Release|Any CPU.Build.0 = Release|Any CPU
		{FB259A9F-E35D-42AA-8453-85D3CAA52F63}.Release|Mixed Platforms.ActiveCfg = Release|Any CPU
		{FB259A9F-E35D-42AA-8453-85D3CAA52F63}.Release|Mixed Platforms.Build.0 = Release|Any CPU
		{FB259A9F-E35D-42AA-8453-85D3CAA52F63}.Release|x86.ActiveCfg = Release|Any CPU
		{3866ED45-52D0-4612-B0B6-22F2FBF5E49F}.Debug|Any CPU.ActiveCfg = Debug|Any CPU
		{3866ED45-52D0-4612-B0B6-22F2FBF5E49F}.Debug|Any CPU.Build.0 = Debug|Any CPU
		{3866ED45-52D0-4612-B0B6-22F2FBF5E49F}.Debug|Mixed Platforms.ActiveCfg = Debug|Any CPU
		{3866ED45-52D0-4612-B0B6-22F2FBF5E49F}.Debug|Mixed Platforms.Build.0 = Debug|Any CPU
		{3866ED45-52D0-4612-B0B6-22F2FBF5E49F}.Debug|x86.ActiveCfg = Debug|Any CPU
		{3866ED45-52D0-4612-B0B6-22F2FBF5E49F}.Release|Any CPU.ActiveCfg = Release|Any CPU
		{3866ED45-52D0-4612-B0B6-22F2FBF5E49F}.Release|Any CPU.Build.0 = Release|Any CPU
		{3866ED45-52D0-4612-B0B6-22F2FBF5E49F}.Release|Mixed Platforms.ActiveCfg = Release|Any CPU
		{3866ED45-52D0-4612-B0B6-22F2FBF5E49F}.Release|Mixed Platforms.Build.0 = Release|Any CPU
		{3866ED45-52D0-4612-B0B6-22F2FBF5E49F}.Release|x86.ActiveCfg = Release|Any CPU
		{1EC41442-53D9-44E6-8402-9AFF50D32AE0}.Debug|Any CPU.ActiveCfg = Debug|Any CPU
		{1EC41442-53D9-44E6-8402-9AFF50D32AE0}.Debug|Any CPU.Build.0 = Debug|Any CPU
		{1EC41442-53D9-44E6-8402-9AFF50D32AE0}.Debug|Mixed Platforms.ActiveCfg = Debug|Any CPU
		{1EC41442-53D9-44E6-8402-9AFF50D32AE0}.Debug|Mixed Platforms.Build.0 = Debug|Any CPU
		{1EC41442-53D9-44E6-8402-9AFF50D32AE0}.Debug|x86.ActiveCfg = Debug|Any CPU
		{1EC41442-53D9-44E6-8402-9AFF50D32AE0}.Release|Any CPU.ActiveCfg = Release|Any CPU
		{1EC41442-53D9-44E6-8402-9AFF50D32AE0}.Release|Any CPU.Build.0 = Release|Any CPU
		{1EC41442-53D9-44E6-8402-9AFF50D32AE0}.Release|Mixed Platforms.ActiveCfg = Release|Any CPU
		{1EC41442-53D9-44E6-8402-9AFF50D32AE0}.Release|Mixed Platforms.Build.0 = Release|Any CPU
		{1EC41442-53D9-44E6-8402-9AFF50D32AE0}.Release|x86.ActiveCfg = Release|Any CPU
		{A61DBBB0-7578-41F4-A78F-CCB29FFDFD91}.Debug|Any CPU.ActiveCfg = Debug|Any CPU
		{A61DBBB0-7578-41F4-A78F-CCB29FFDFD91}.Debug|Any CPU.Build.0 = Debug|Any CPU
		{A61DBBB0-7578-41F4-A78F-CCB29FFDFD91}.Debug|Mixed Platforms.ActiveCfg = Debug|Any CPU
		{A61DBBB0-7578-41F4-A78F-CCB29FFDFD91}.Debug|Mixed Platforms.Build.0 = Debug|Any CPU
		{A61DBBB0-7578-41F4-A78F-CCB29FFDFD91}.Debug|x86.ActiveCfg = Debug|Any CPU
		{A61DBBB0-7578-41F4-A78F-CCB29FFDFD91}.Release|Any CPU.ActiveCfg = Release|Any CPU
		{A61DBBB0-7578-41F4-A78F-CCB29FFDFD91}.Release|Any CPU.Build.0 = Release|Any CPU
		{A61DBBB0-7578-41F4-A78F-CCB29FFDFD91}.Release|Mixed Platforms.ActiveCfg = Release|Any CPU
		{A61DBBB0-7578-41F4-A78F-CCB29FFDFD91}.Release|Mixed Platforms.Build.0 = Release|Any CPU
		{A61DBBB0-7578-41F4-A78F-CCB29FFDFD91}.Release|x86.ActiveCfg = Release|Any CPU
		{9BD6B56D-9F10-443F-9F71-A1CEE1D3262C}.Debug|Any CPU.ActiveCfg = Debug|Any CPU
		{9BD6B56D-9F10-443F-9F71-A1CEE1D3262C}.Debug|Any CPU.Build.0 = Debug|Any CPU
		{9BD6B56D-9F10-443F-9F71-A1CEE1D3262C}.Debug|Any CPU.Deploy.0 = Debug|Any CPU
		{9BD6B56D-9F10-443F-9F71-A1CEE1D3262C}.Debug|Mixed Platforms.ActiveCfg = Debug|Any CPU
		{9BD6B56D-9F10-443F-9F71-A1CEE1D3262C}.Debug|Mixed Platforms.Build.0 = Debug|Any CPU
		{9BD6B56D-9F10-443F-9F71-A1CEE1D3262C}.Debug|x86.ActiveCfg = Debug|Any CPU
		{9BD6B56D-9F10-443F-9F71-A1CEE1D3262C}.Release|Any CPU.ActiveCfg = Release|Any CPU
		{9BD6B56D-9F10-443F-9F71-A1CEE1D3262C}.Release|Any CPU.Build.0 = Release|Any CPU
		{9BD6B56D-9F10-443F-9F71-A1CEE1D3262C}.Release|Any CPU.Deploy.0 = Release|Any CPU
		{9BD6B56D-9F10-443F-9F71-A1CEE1D3262C}.Release|Mixed Platforms.ActiveCfg = Release|Any CPU
		{9BD6B56D-9F10-443F-9F71-A1CEE1D3262C}.Release|Mixed Platforms.Build.0 = Release|Any CPU
		{9BD6B56D-9F10-443F-9F71-A1CEE1D3262C}.Release|Mixed Platforms.Deploy.0 = Release|Any CPU
		{9BD6B56D-9F10-443F-9F71-A1CEE1D3262C}.Release|x86.ActiveCfg = Release|Any CPU
		{6FC10D9A-2787-449B-AE57-DE9ECA74FA87}.Debug|Any CPU.ActiveCfg = Debug|Any CPU
		{6FC10D9A-2787-449B-AE57-DE9ECA74FA87}.Debug|Any CPU.Build.0 = Debug|Any CPU
		{6FC10D9A-2787-449B-AE57-DE9ECA74FA87}.Debug|Mixed Platforms.ActiveCfg = Debug|Any CPU
		{6FC10D9A-2787-449B-AE57-DE9ECA74FA87}.Debug|Mixed Platforms.Build.0 = Debug|Any CPU
		{6FC10D9A-2787-449B-AE57-DE9ECA74FA87}.Debug|x86.ActiveCfg = Debug|Any CPU
		{6FC10D9A-2787-449B-AE57-DE9ECA74FA87}.Release|Any CPU.ActiveCfg = Release|Any CPU
		{6FC10D9A-2787-449B-AE57-DE9ECA74FA87}.Release|Any CPU.Build.0 = Release|Any CPU
		{6FC10D9A-2787-449B-AE57-DE9ECA74FA87}.Release|Mixed Platforms.ActiveCfg = Release|Any CPU
		{6FC10D9A-2787-449B-AE57-DE9ECA74FA87}.Release|Mixed Platforms.Build.0 = Release|Any CPU
		{6FC10D9A-2787-449B-AE57-DE9ECA74FA87}.Release|x86.ActiveCfg = Release|Any CPU
		{7EC4492E-BCC9-4859-93DB-99CFF8FCED89}.Debug|Any CPU.ActiveCfg = Debug|Any CPU
		{7EC4492E-BCC9-4859-93DB-99CFF8FCED89}.Debug|Any CPU.Build.0 = Debug|Any CPU
		{7EC4492E-BCC9-4859-93DB-99CFF8FCED89}.Debug|Mixed Platforms.ActiveCfg = Debug|Any CPU
		{7EC4492E-BCC9-4859-93DB-99CFF8FCED89}.Debug|Mixed Platforms.Build.0 = Debug|Any CPU
		{7EC4492E-BCC9-4859-93DB-99CFF8FCED89}.Debug|x86.ActiveCfg = Debug|Any CPU
		{7EC4492E-BCC9-4859-93DB-99CFF8FCED89}.Release|Any CPU.ActiveCfg = Release|Any CPU
		{7EC4492E-BCC9-4859-93DB-99CFF8FCED89}.Release|Any CPU.Build.0 = Release|Any CPU
		{7EC4492E-BCC9-4859-93DB-99CFF8FCED89}.Release|Mixed Platforms.ActiveCfg = Release|Any CPU
		{7EC4492E-BCC9-4859-93DB-99CFF8FCED89}.Release|Mixed Platforms.Build.0 = Release|Any CPU
		{7EC4492E-BCC9-4859-93DB-99CFF8FCED89}.Release|x86.ActiveCfg = Release|Any CPU
		{EF11680F-565C-433C-8D6E-7220BCF1F2D5}.Debug|Any CPU.ActiveCfg = Debug|Any CPU
		{EF11680F-565C-433C-8D6E-7220BCF1F2D5}.Debug|Any CPU.Build.0 = Debug|Any CPU
		{EF11680F-565C-433C-8D6E-7220BCF1F2D5}.Debug|Mixed Platforms.ActiveCfg = Debug|Any CPU
		{EF11680F-565C-433C-8D6E-7220BCF1F2D5}.Debug|Mixed Platforms.Build.0 = Debug|Any CPU
		{EF11680F-565C-433C-8D6E-7220BCF1F2D5}.Debug|x86.ActiveCfg = Debug|Any CPU
		{EF11680F-565C-433C-8D6E-7220BCF1F2D5}.Release|Any CPU.ActiveCfg = Release|Any CPU
		{EF11680F-565C-433C-8D6E-7220BCF1F2D5}.Release|Any CPU.Build.0 = Release|Any CPU
		{EF11680F-565C-433C-8D6E-7220BCF1F2D5}.Release|Mixed Platforms.ActiveCfg = Release|Any CPU
		{EF11680F-565C-433C-8D6E-7220BCF1F2D5}.Release|Mixed Platforms.Build.0 = Release|Any CPU
		{EF11680F-565C-433C-8D6E-7220BCF1F2D5}.Release|x86.ActiveCfg = Release|Any CPU
	EndGlobalSection
	GlobalSection(SolutionProperties) = preSolution
		HideSolutionNode = FALSE
	EndGlobalSection
EndGlobal
